
Microsoft Visual Studio Solution File, Format Version 12.00
# Visual Studio Version 17
VisualStudioVersion = 17.8.34330.188
MinimumVisualStudioVersion = 10.0.40219.1
Project("{9A19103F-16F7-4668-BE54-9A1E7A4F7556}") = "List_Basic", "Algorithm_practice\List_Basic.csproj", "{F8C33F40-3ACA-4FEE-B5B9-2CD46ACB79AF}"
EndProject
Project("{2150E333-8FDC-42A3-9474-1A3956D46DE8}") = "240111_01.List", "240111_01.List", "{18883635-C4D1-403A-B9C5-37447171F310}"
EndProject
Project("{9A19103F-16F7-4668-BE54-9A1E7A4F7556}") = "List_Intermediate", "List_Intermediate\List_Intermediate.csproj", "{6C9B4D51-A8B3-49DD-93CE-82D1C8FDABA7}"
EndProject
Project("{9A19103F-16F7-4668-BE54-9A1E7A4F7556}") = "List_Advanced", "List_Advanced\List_Advanced.csproj", "{5410967D-05A9-4813-9F45-7EF90584895F}"
EndProject
Project("{2150E333-8FDC-42A3-9474-1A3956D46DE8}") = "240112_02.LinkedList", "240112_02.LinkedList", "{77ED89AA-9E94-43A6-9F31-B0BBFFB55127}"
EndProject
Project("{9A19103F-16F7-4668-BE54-9A1E7A4F7556}") = "LinkedList_Basic", "LinkedList_Basic\LinkedList_Basic.csproj", "{51556A8F-2CEE-41E1-A6EC-0A7DCA4C6BAB}"
EndProject
Project("{9A19103F-16F7-4668-BE54-9A1E7A4F7556}") = "LinkedList_Advanced", "LinkedList_Advanced\LinkedList_Advanced.csproj", "{403ECD4B-9973-44EC-837A-49B549463CE3}"
EndProject
Project("{9A19103F-16F7-4668-BE54-9A1E7A4F7556}") = "LinkedList_Intermediate", "LinkedList_Intermediate\LinkedList_Intermediate.csproj", "{043C5502-F6CF-4401-9626-8ABE52BB4A62}"
EndProject
Project("{2150E333-8FDC-42A3-9474-1A3956D46DE8}") = "240115_03.04", "240115_03.04", "{CFB23255-D4A3-4852-A80C-1C12E0B35BF1}"
EndProject
Project("{9A19103F-16F7-4668-BE54-9A1E7A4F7556}") = "Practice_01", "Practice_01\Practice_01.csproj", "{73E99BD6-58CE-47FE-BF7F-06C954738F32}"
EndProject
Project("{9A19103F-16F7-4668-BE54-9A1E7A4F7556}") = "Practice_02", "Practice_02\Practice_02.csproj", "{98584352-04BF-4B14-A19D-707942785A09}"
EndProject
Project("{9A19103F-16F7-4668-BE54-9A1E7A4F7556}") = "Practice_01_correct", "Practice_01_correct\Practice_01_correct.csproj", "{EF73E7AB-AA2E-4D75-856E-3F8704A77C18}"
EndProject
Project("{2150E333-8FDC-42A3-9474-1A3956D46DE8}") = "240116_05.Tree", "240116_05.Tree", "{3F67D561-BE18-45DF-8E1D-D22869C64E4A}"
EndProject
Project("{9A19103F-16F7-4668-BE54-9A1E7A4F7556}") = "Tree_Basic", "Practice01\Tree_Basic.csproj", "{4A4274E3-55F0-4CA0-AB7C-4EB8630D65C7}"
EndProject
Project("{2150E333-8FDC-42A3-9474-1A3956D46DE8}") = "240118_01.Hashtable", "240118_01.Hashtable", "{7409BBA4-E5AF-4452-8071-97185C8811E3}"
EndProject
Project("{9A19103F-16F7-4668-BE54-9A1E7A4F7556}") = "Practice.01", "Practice.01\Practice.01.csproj", "{9E6C97F1-A6E4-4C9F-B7ED-3C8F986ECDE4}"
EndProject
Project("{FAE04EC0-301F-11D3-BF4B-00C04F79EFBC}") = "Practice.02", "Practice.02\Practice.02.csproj", "{977FB1AB-5015-4AC2-B29C-3B4DC683F704}"
EndProject
Project("{FAE04EC0-301F-11D3-BF4B-00C04F79EFBC}") = "Practice.03", "Practice.03\Practice.03.csproj", "{86BD6834-3BE2-477F-82C0-3CDBFD7686EF}"
EndProject
Global
	GlobalSection(SolutionConfigurationPlatforms) = preSolution
		Debug|Any CPU = Debug|Any CPU
		Release|Any CPU = Release|Any CPU
	EndGlobalSection
	GlobalSection(ProjectConfigurationPlatforms) = postSolution
		{F8C33F40-3ACA-4FEE-B5B9-2CD46ACB79AF}.Debug|Any CPU.ActiveCfg = Debug|Any CPU
		{F8C33F40-3ACA-4FEE-B5B9-2CD46ACB79AF}.Debug|Any CPU.Build.0 = Debug|Any CPU
		{F8C33F40-3ACA-4FEE-B5B9-2CD46ACB79AF}.Release|Any CPU.ActiveCfg = Release|Any CPU
		{F8C33F40-3ACA-4FEE-B5B9-2CD46ACB79AF}.Release|Any CPU.Build.0 = Release|Any CPU
		{6C9B4D51-A8B3-49DD-93CE-82D1C8FDABA7}.Debug|Any CPU.ActiveCfg = Debug|Any CPU
		{6C9B4D51-A8B3-49DD-93CE-82D1C8FDABA7}.Debug|Any CPU.Build.0 = Debug|Any CPU
		{6C9B4D51-A8B3-49DD-93CE-82D1C8FDABA7}.Release|Any CPU.ActiveCfg = Release|Any CPU
		{6C9B4D51-A8B3-49DD-93CE-82D1C8FDABA7}.Release|Any CPU.Build.0 = Release|Any CPU
		{5410967D-05A9-4813-9F45-7EF90584895F}.Debug|Any CPU.ActiveCfg = Debug|Any CPU
		{5410967D-05A9-4813-9F45-7EF90584895F}.Debug|Any CPU.Build.0 = Debug|Any CPU
		{5410967D-05A9-4813-9F45-7EF90584895F}.Release|Any CPU.ActiveCfg = Release|Any CPU
		{5410967D-05A9-4813-9F45-7EF90584895F}.Release|Any CPU.Build.0 = Release|Any CPU
		{51556A8F-2CEE-41E1-A6EC-0A7DCA4C6BAB}.Debug|Any CPU.ActiveCfg = Debug|Any CPU
		{51556A8F-2CEE-41E1-A6EC-0A7DCA4C6BAB}.Debug|Any CPU.Build.0 = Debug|Any CPU
		{51556A8F-2CEE-41E1-A6EC-0A7DCA4C6BAB}.Release|Any CPU.ActiveCfg = Release|Any CPU
		{51556A8F-2CEE-41E1-A6EC-0A7DCA4C6BAB}.Release|Any CPU.Build.0 = Release|Any CPU
		{403ECD4B-9973-44EC-837A-49B549463CE3}.Debug|Any CPU.ActiveCfg = Debug|Any CPU
		{403ECD4B-9973-44EC-837A-49B549463CE3}.Debug|Any CPU.Build.0 = Debug|Any CPU
		{403ECD4B-9973-44EC-837A-49B549463CE3}.Release|Any CPU.ActiveCfg = Release|Any CPU
		{403ECD4B-9973-44EC-837A-49B549463CE3}.Release|Any CPU.Build.0 = Release|Any CPU
		{043C5502-F6CF-4401-9626-8ABE52BB4A62}.Debug|Any CPU.ActiveCfg = Debug|Any CPU
		{043C5502-F6CF-4401-9626-8ABE52BB4A62}.Debug|Any CPU.Build.0 = Debug|Any CPU
		{043C5502-F6CF-4401-9626-8ABE52BB4A62}.Release|Any CPU.ActiveCfg = Release|Any CPU
		{043C5502-F6CF-4401-9626-8ABE52BB4A62}.Release|Any CPU.Build.0 = Release|Any CPU
		{73E99BD6-58CE-47FE-BF7F-06C954738F32}.Debug|Any CPU.ActiveCfg = Debug|Any CPU
		{73E99BD6-58CE-47FE-BF7F-06C954738F32}.Debug|Any CPU.Build.0 = Debug|Any CPU
		{73E99BD6-58CE-47FE-BF7F-06C954738F32}.Release|Any CPU.ActiveCfg = Release|Any CPU
		{73E99BD6-58CE-47FE-BF7F-06C954738F32}.Release|Any CPU.Build.0 = Release|Any CPU
		{98584352-04BF-4B14-A19D-707942785A09}.Debug|Any CPU.ActiveCfg = Debug|Any CPU
		{98584352-04BF-4B14-A19D-707942785A09}.Debug|Any CPU.Build.0 = Debug|Any CPU
		{98584352-04BF-4B14-A19D-707942785A09}.Release|Any CPU.ActiveCfg = Release|Any CPU
		{98584352-04BF-4B14-A19D-707942785A09}.Release|Any CPU.Build.0 = Release|Any CPU
		{EF73E7AB-AA2E-4D75-856E-3F8704A77C18}.Debug|Any CPU.ActiveCfg = Debug|Any CPU
		{EF73E7AB-AA2E-4D75-856E-3F8704A77C18}.Debug|Any CPU.Build.0 = Debug|Any CPU
		{EF73E7AB-AA2E-4D75-856E-3F8704A77C18}.Release|Any CPU.ActiveCfg = Release|Any CPU
		{EF73E7AB-AA2E-4D75-856E-3F8704A77C18}.Release|Any CPU.Build.0 = Release|Any CPU
		{4A4274E3-55F0-4CA0-AB7C-4EB8630D65C7}.Debug|Any CPU.ActiveCfg = Debug|Any CPU
		{4A4274E3-55F0-4CA0-AB7C-4EB8630D65C7}.Debug|Any CPU.Build.0 = Debug|Any CPU
		{4A4274E3-55F0-4CA0-AB7C-4EB8630D65C7}.Release|Any CPU.ActiveCfg = Release|Any CPU
		{4A4274E3-55F0-4CA0-AB7C-4EB8630D65C7}.Release|Any CPU.Build.0 = Release|Any CPU
		{9E6C97F1-A6E4-4C9F-B7ED-3C8F986ECDE4}.Debug|Any CPU.ActiveCfg = Debug|Any CPU
		{9E6C97F1-A6E4-4C9F-B7ED-3C8F986ECDE4}.Debug|Any CPU.Build.0 = Debug|Any CPU
		{9E6C97F1-A6E4-4C9F-B7ED-3C8F986ECDE4}.Release|Any CPU.ActiveCfg = Release|Any CPU
		{9E6C97F1-A6E4-4C9F-B7ED-3C8F986ECDE4}.Release|Any CPU.Build.0 = Release|Any CPU
		{977FB1AB-5015-4AC2-B29C-3B4DC683F704}.Debug|Any CPU.ActiveCfg = Debug|Any CPU
		{977FB1AB-5015-4AC2-B29C-3B4DC683F704}.Debug|Any CPU.Build.0 = Debug|Any CPU
		{977FB1AB-5015-4AC2-B29C-3B4DC683F704}.Release|Any CPU.ActiveCfg = Release|Any CPU
		{977FB1AB-5015-4AC2-B29C-3B4DC683F704}.Release|Any CPU.Build.0 = Release|Any CPU
		{86BD6834-3BE2-477F-82C0-3CDBFD7686EF}.Debug|Any CPU.ActiveCfg = Debug|Any CPU
		{86BD6834-3BE2-477F-82C0-3CDBFD7686EF}.Debug|Any CPU.Build.0 = Debug|Any CPU
		{86BD6834-3BE2-477F-82C0-3CDBFD7686EF}.Release|Any CPU.ActiveCfg = Release|Any CPU
		{86BD6834-3BE2-477F-82C0-3CDBFD7686EF}.Release|Any CPU.Build.0 = Release|Any CPU
	EndGlobalSection
	GlobalSection(SolutionProperties) = preSolution
		HideSolutionNode = FALSE
	EndGlobalSection
	GlobalSection(NestedProjects) = preSolution
		{F8C33F40-3ACA-4FEE-B5B9-2CD46ACB79AF} = {18883635-C4D1-403A-B9C5-37447171F310}
		{6C9B4D51-A8B3-49DD-93CE-82D1C8FDABA7} = {18883635-C4D1-403A-B9C5-37447171F310}
		{5410967D-05A9-4813-9F45-7EF90584895F} = {18883635-C4D1-403A-B9C5-37447171F310}
		{51556A8F-2CEE-41E1-A6EC-0A7DCA4C6BAB} = {77ED89AA-9E94-43A6-9F31-B0BBFFB55127}
		{403ECD4B-9973-44EC-837A-49B549463CE3} = {77ED89AA-9E94-43A6-9F31-B0BBFFB55127}
		{043C5502-F6CF-4401-9626-8ABE52BB4A62} = {77ED89AA-9E94-43A6-9F31-B0BBFFB55127}
		{73E99BD6-58CE-47FE-BF7F-06C954738F32} = {CFB23255-D4A3-4852-A80C-1C12E0B35BF1}
		{98584352-04BF-4B14-A19D-707942785A09} = {CFB23255-D4A3-4852-A80C-1C12E0B35BF1}
		{EF73E7AB-AA2E-4D75-856E-3F8704A77C18} = {CFB23255-D4A3-4852-A80C-1C12E0B35BF1}
		{4A4274E3-55F0-4CA0-AB7C-4EB8630D65C7} = {3F67D561-BE18-45DF-8E1D-D22869C64E4A}
		{9E6C97F1-A6E4-4C9F-B7ED-3C8F986ECDE4} = {7409BBA4-E5AF-4452-8071-97185C8811E3}
		{977FB1AB-5015-4AC2-B29C-3B4DC683F704} = {7409BBA4-E5AF-4452-8071-97185C8811E3}
		{86BD6834-3BE2-477F-82C0-3CDBFD7686EF} = {7409BBA4-E5AF-4452-8071-97185C8811E3}
	EndGlobalSection
	GlobalSection(ExtensibilityGlobals) = postSolution
		SolutionGuid = {CB8EA9FB-C004-47ED-81D1-F1A67C1180F9}
	EndGlobalSection
EndGlobal
